// !$*UTF8*$!
{
	archiveVersion = 1;
	classes = {
	};
	objectVersion = 52;
	objects = {

/* Begin PBXBuildFile section */
		3D9C42F62274604A000A6585 /* MobileCI.framework in Frameworks */ = {isa = PBXBuildFile; fileRef = 3D9C429022745894000A6585 /* MobileCI.framework */; };
		3D9C43242274629B000A6585 /* AppDelegate.swift in Sources */ = {isa = PBXBuildFile; fileRef = 3D9C43232274629B000A6585 /* AppDelegate.swift */; };
		3D9C43262274629B000A6585 /* ViewController.swift in Sources */ = {isa = PBXBuildFile; fileRef = 3D9C43252274629B000A6585 /* ViewController.swift */; };
		3D9C432B2274629C000A6585 /* Assets.xcassets in Resources */ = {isa = PBXBuildFile; fileRef = 3D9C432A2274629C000A6585 /* Assets.xcassets */; };
		3D9C432E2274629C000A6585 /* LaunchScreen.storyboard in Resources */ = {isa = PBXBuildFile; fileRef = 3D9C432C2274629C000A6585 /* LaunchScreen.storyboard */; };
		3D9C433422746323000A6585 /* MobileCI.framework in Frameworks */ = {isa = PBXBuildFile; fileRef = 3D9C429022745894000A6585 /* MobileCI.framework */; };
		3D9C433522746323000A6585 /* MobileCI.framework in Embed Frameworks */ = {isa = PBXBuildFile; fileRef = 3D9C429022745894000A6585 /* MobileCI.framework */; settings = {ATTRIBUTES = (CodeSignOnCopy, RemoveHeadersOnCopy, ); }; };
		5690ED6623C2B2DB00B917C8 /* AppEnvironment in Frameworks */ = {isa = PBXBuildFile; productRef = 5690ED6523C2B2DB00B917C8 /* AppEnvironment */; };
		5690ED6823C2B3E500B917C8 /* Main.storyboard in Resources */ = {isa = PBXBuildFile; fileRef = 5690ED6723C2B3E500B917C8 /* Main.storyboard */; };
		56EAA8B623C2754C00DAC8FC /* UITableViewExtensions.swift in Sources */ = {isa = PBXBuildFile; fileRef = 56EAA8B123C2754C00DAC8FC /* UITableViewExtensions.swift */; };
		56EAA8B723C2754C00DAC8FC /* NotificationCenter+AutoUnregister.swift in Sources */ = {isa = PBXBuildFile; fileRef = 56EAA8B223C2754C00DAC8FC /* NotificationCenter+AutoUnregister.swift */; };
		56EAA8B823C2754C00DAC8FC /* SequenceExtensions.swift in Sources */ = {isa = PBXBuildFile; fileRef = 56EAA8B323C2754C00DAC8FC /* SequenceExtensions.swift */; };
		56EAA8B923C2754C00DAC8FC /* StringExtension.swift in Sources */ = {isa = PBXBuildFile; fileRef = 56EAA8B423C2754C00DAC8FC /* StringExtension.swift */; };
		56EAA8BA23C2754C00DAC8FC /* DateExtensions.swift in Sources */ = {isa = PBXBuildFile; fileRef = 56EAA8B523C2754C00DAC8FC /* DateExtensions.swift */; };
		56EAA8C823C2756300DAC8FC /* MobileCITests.swift in Sources */ = {isa = PBXBuildFile; fileRef = 56EAA8BC23C2756300DAC8FC /* MobileCITests.swift */; };
		56EAA8C923C2756300DAC8FC /* DateExtensionsSpec.swift in Sources */ = {isa = PBXBuildFile; fileRef = 56EAA8BD23C2756300DAC8FC /* DateExtensionsSpec.swift */; };
		56EAA8CB23C2756300DAC8FC /* MockTableViewDatasource.swift in Sources */ = {isa = PBXBuildFile; fileRef = 56EAA8C023C2756300DAC8FC /* MockTableViewDatasource.swift */; };
		56EAA8CC23C2756300DAC8FC /* MockDateProvider.swift in Sources */ = {isa = PBXBuildFile; fileRef = 56EAA8C123C2756300DAC8FC /* MockDateProvider.swift */; };
		56EAA8CD23C2756300DAC8FC /* NotificationCenterSpy.swift in Sources */ = {isa = PBXBuildFile; fileRef = 56EAA8C223C2756300DAC8FC /* NotificationCenterSpy.swift */; };
		56EAA8CE23C2756300DAC8FC /* UITableViewExtensionsSpec.swift in Sources */ = {isa = PBXBuildFile; fileRef = 56EAA8C323C2756300DAC8FC /* UITableViewExtensionsSpec.swift */; };
		56EAA8CF23C2756300DAC8FC /* StringExtensionsSpec.swift in Sources */ = {isa = PBXBuildFile; fileRef = 56EAA8C423C2756300DAC8FC /* StringExtensionsSpec.swift */; };
		56EAA8D023C2756300DAC8FC /* NotificationCenter+AutoUnregisterTests.swift in Sources */ = {isa = PBXBuildFile; fileRef = 56EAA8C523C2756300DAC8FC /* NotificationCenter+AutoUnregisterTests.swift */; };
		56EAA8D123C2756300DAC8FC /* SequenceExtensionsSpec.swift in Sources */ = {isa = PBXBuildFile; fileRef = 56EAA8C623C2756300DAC8FC /* SequenceExtensionsSpec.swift */; };
		56EAA8D223C2756300DAC8FC /* LinuxMain.swift in Sources */ = {isa = PBXBuildFile; fileRef = 56EAA8C723C2756300DAC8FC /* LinuxMain.swift */; };
		FF1A388E25FECB730035FF48 /* Nimble in Frameworks */ = {isa = PBXBuildFile; productRef = FF1A388D25FECB730035FF48 /* Nimble */; };
		FF1A389225FECB890035FF48 /* Quick in Frameworks */ = {isa = PBXBuildFile; productRef = FF1A389125FECB890035FF48 /* Quick */; };
/* End PBXBuildFile section */

/* Begin PBXContainerItemProxy section */
		3D9C42F72274604A000A6585 /* PBXContainerItemProxy */ = {
			isa = PBXContainerItemProxy;
			containerPortal = 3D9C428722745894000A6585 /* Project object */;
			proxyType = 1;
			remoteGlobalIDString = 3D9C428F22745894000A6585;
			remoteInfo = "MobileCI-iOS";
		};
		3D9C433622746323000A6585 /* PBXContainerItemProxy */ = {
			isa = PBXContainerItemProxy;
			containerPortal = 3D9C428722745894000A6585 /* Project object */;
			proxyType = 1;
			remoteGlobalIDString = 3D9C428F22745894000A6585;
			remoteInfo = "MobileCI-iOS";
		};
/* End PBXContainerItemProxy section */

/* Begin PBXCopyFilesBuildPhase section */
		3D9C433822746323000A6585 /* Embed Frameworks */ = {
			isa = PBXCopyFilesBuildPhase;
			buildActionMask = 2147483647;
			dstPath = "";
			dstSubfolderSpec = 10;
			files = (
				3D9C433522746323000A6585 /* MobileCI.framework in Embed Frameworks */,
			);
			name = "Embed Frameworks";
			runOnlyForDeploymentPostprocessing = 0;
		};
/* End PBXCopyFilesBuildPhase section */

/* Begin PBXFileReference section */
		3D9C429022745894000A6585 /* MobileCI.framework */ = {isa = PBXFileReference; explicitFileType = wrapper.framework; includeInIndex = 0; path = MobileCI.framework; sourceTree = BUILT_PRODUCTS_DIR; };
		3D9C429C227458E8000A6585 /* MobileCI.plist */ = {isa = PBXFileReference; fileEncoding = 4; lastKnownFileType = text.plist.xml; path = MobileCI.plist; sourceTree = "<group>"; };
		3D9C429D227458E8000A6585 /* MobileCITests.plist */ = {isa = PBXFileReference; fileEncoding = 4; lastKnownFileType = text.plist.xml; path = MobileCITests.plist; sourceTree = "<group>"; };
		3D9C42A92274599D000A6585 /* MobileCI.framework */ = {isa = PBXFileReference; explicitFileType = wrapper.framework; includeInIndex = 0; path = MobileCI.framework; sourceTree = BUILT_PRODUCTS_DIR; };
		3D9C42B7227459D6000A6585 /* MobileCI.framework */ = {isa = PBXFileReference; explicitFileType = wrapper.framework; includeInIndex = 0; path = MobileCI.framework; sourceTree = BUILT_PRODUCTS_DIR; };
		3D9C42C522745A07000A6585 /* MobileCI.framework */ = {isa = PBXFileReference; explicitFileType = wrapper.framework; includeInIndex = 0; path = MobileCI.framework; sourceTree = BUILT_PRODUCTS_DIR; };
		3D9C42D222745B48000A6585 /* LICENSE */ = {isa = PBXFileReference; lastKnownFileType = text; path = LICENSE; sourceTree = SOURCE_ROOT; };
		3D9C42D322745B48000A6585 /* Package.swift */ = {isa = PBXFileReference; lastKnownFileType = sourcecode.swift; path = Package.swift; sourceTree = SOURCE_ROOT; };
		3D9C42D422745B48000A6585 /* MobileCI.podspec */ = {isa = PBXFileReference; lastKnownFileType = text; path = MobileCI.podspec; sourceTree = SOURCE_ROOT; };
		3D9C42D522745B48000A6585 /* README.md */ = {isa = PBXFileReference; lastKnownFileType = net.daringfireball.markdown; path = README.md; sourceTree = SOURCE_ROOT; };
		3D9C42D622745C9D000A6585 /* Fastfile */ = {isa = PBXFileReference; lastKnownFileType = text; name = Fastfile; path = fastlane/Fastfile; sourceTree = SOURCE_ROOT; };
		3D9C42D822745DAF000A6585 /* .jazzy.yaml */ = {isa = PBXFileReference; lastKnownFileType = text; path = .jazzy.yaml; sourceTree = SOURCE_ROOT; };
		3D9C42D922745DAF000A6585 /* .swiftlint.yml */ = {isa = PBXFileReference; lastKnownFileType = text; path = .swiftlint.yml; sourceTree = SOURCE_ROOT; };
		3D9C42DB22745DB0000A6585 /* .gitignore */ = {isa = PBXFileReference; lastKnownFileType = text; path = .gitignore; sourceTree = SOURCE_ROOT; };
		3D9C42F12274604A000A6585 /* MobileCI-iOSTests.xctest */ = {isa = PBXFileReference; explicitFileType = wrapper.cfbundle; includeInIndex = 0; path = "MobileCI-iOSTests.xctest"; sourceTree = BUILT_PRODUCTS_DIR; };
		3D9C43012274611B000A6585 /* MobileCI-tvOSTests.xctest */ = {isa = PBXFileReference; explicitFileType = wrapper.cfbundle; includeInIndex = 0; path = "MobileCI-tvOSTests.xctest"; sourceTree = BUILT_PRODUCTS_DIR; };
		3D9C431122746198000A6585 /* MobileCI-macOSTests.xctest */ = {isa = PBXFileReference; explicitFileType = wrapper.cfbundle; includeInIndex = 0; path = "MobileCI-macOSTests.xctest"; sourceTree = BUILT_PRODUCTS_DIR; };
		3D9C43212274629B000A6585 /* Example.app */ = {isa = PBXFileReference; explicitFileType = wrapper.application; includeInIndex = 0; path = Example.app; sourceTree = BUILT_PRODUCTS_DIR; };
		3D9C43232274629B000A6585 /* AppDelegate.swift */ = {isa = PBXFileReference; lastKnownFileType = sourcecode.swift; path = AppDelegate.swift; sourceTree = "<group>"; };
		3D9C43252274629B000A6585 /* ViewController.swift */ = {isa = PBXFileReference; lastKnownFileType = sourcecode.swift; path = ViewController.swift; sourceTree = "<group>"; };
		3D9C432A2274629C000A6585 /* Assets.xcassets */ = {isa = PBXFileReference; lastKnownFileType = folder.assetcatalog; path = Assets.xcassets; sourceTree = "<group>"; };
		3D9C432D2274629C000A6585 /* Base */ = {isa = PBXFileReference; lastKnownFileType = file.storyboard; name = Base; path = Base.lproj/LaunchScreen.storyboard; sourceTree = "<group>"; };
		3D9C432F2274629C000A6585 /* Info.plist */ = {isa = PBXFileReference; lastKnownFileType = text.plist.xml; path = Info.plist; sourceTree = "<group>"; };
		3DB91AC4229AC263002668DA /* .travis.yml */ = {isa = PBXFileReference; lastKnownFileType = text; path = .travis.yml; sourceTree = SOURCE_ROOT; };
		56379B0B23C2AFB400BF099F /* AppEnvironment */ = {isa = PBXFileReference; lastKnownFileType = folder; name = AppEnvironment; path = ../AppEnvironment; sourceTree = "<group>"; };
		5690ED6723C2B3E500B917C8 /* Main.storyboard */ = {isa = PBXFileReference; fileEncoding = 4; lastKnownFileType = file.storyboard; path = Main.storyboard; sourceTree = "<group>"; };
		56EAA8B123C2754C00DAC8FC /* UITableViewExtensions.swift */ = {isa = PBXFileReference; fileEncoding = 4; lastKnownFileType = sourcecode.swift; path = UITableViewExtensions.swift; sourceTree = "<group>"; };
		56EAA8B223C2754C00DAC8FC /* NotificationCenter+AutoUnregister.swift */ = {isa = PBXFileReference; fileEncoding = 4; lastKnownFileType = sourcecode.swift; path = "NotificationCenter+AutoUnregister.swift"; sourceTree = "<group>"; };
		56EAA8B323C2754C00DAC8FC /* SequenceExtensions.swift */ = {isa = PBXFileReference; fileEncoding = 4; lastKnownFileType = sourcecode.swift; path = SequenceExtensions.swift; sourceTree = "<group>"; };
		56EAA8B423C2754C00DAC8FC /* StringExtension.swift */ = {isa = PBXFileReference; fileEncoding = 4; lastKnownFileType = sourcecode.swift; path = StringExtension.swift; sourceTree = "<group>"; };
		56EAA8B523C2754C00DAC8FC /* DateExtensions.swift */ = {isa = PBXFileReference; fileEncoding = 4; lastKnownFileType = sourcecode.swift; path = DateExtensions.swift; sourceTree = "<group>"; };
		56EAA8BC23C2756300DAC8FC /* MobileCITests.swift */ = {isa = PBXFileReference; fileEncoding = 4; lastKnownFileType = sourcecode.swift; path = MobileCITests.swift; sourceTree = "<group>"; };
		56EAA8BD23C2756300DAC8FC /* DateExtensionsSpec.swift */ = {isa = PBXFileReference; fileEncoding = 4; lastKnownFileType = sourcecode.swift; path = DateExtensionsSpec.swift; sourceTree = "<group>"; };
		56EAA8C023C2756300DAC8FC /* MockTableViewDatasource.swift */ = {isa = PBXFileReference; fileEncoding = 4; lastKnownFileType = sourcecode.swift; path = MockTableViewDatasource.swift; sourceTree = "<group>"; };
		56EAA8C123C2756300DAC8FC /* MockDateProvider.swift */ = {isa = PBXFileReference; fileEncoding = 4; lastKnownFileType = sourcecode.swift; path = MockDateProvider.swift; sourceTree = "<group>"; };
		56EAA8C223C2756300DAC8FC /* NotificationCenterSpy.swift */ = {isa = PBXFileReference; fileEncoding = 4; lastKnownFileType = sourcecode.swift; path = NotificationCenterSpy.swift; sourceTree = "<group>"; };
		56EAA8C323C2756300DAC8FC /* UITableViewExtensionsSpec.swift */ = {isa = PBXFileReference; fileEncoding = 4; lastKnownFileType = sourcecode.swift; path = UITableViewExtensionsSpec.swift; sourceTree = "<group>"; };
		56EAA8C423C2756300DAC8FC /* StringExtensionsSpec.swift */ = {isa = PBXFileReference; fileEncoding = 4; lastKnownFileType = sourcecode.swift; path = StringExtensionsSpec.swift; sourceTree = "<group>"; };
		56EAA8C523C2756300DAC8FC /* NotificationCenter+AutoUnregisterTests.swift */ = {isa = PBXFileReference; fileEncoding = 4; lastKnownFileType = sourcecode.swift; path = "NotificationCenter+AutoUnregisterTests.swift"; sourceTree = "<group>"; };
		56EAA8C623C2756300DAC8FC /* SequenceExtensionsSpec.swift */ = {isa = PBXFileReference; fileEncoding = 4; lastKnownFileType = sourcecode.swift; path = SequenceExtensionsSpec.swift; sourceTree = "<group>"; };
		56EAA8C723C2756300DAC8FC /* LinuxMain.swift */ = {isa = PBXFileReference; fileEncoding = 4; lastKnownFileType = sourcecode.swift; path = LinuxMain.swift; sourceTree = "<group>"; };
		56EAA8D623C275D300DAC8FC /* Develop.xcconfig */ = {isa = PBXFileReference; lastKnownFileType = text.xcconfig; path = Develop.xcconfig; sourceTree = "<group>"; };
		56EAA8D723C275D300DAC8FC /* Staging.xcconfig */ = {isa = PBXFileReference; lastKnownFileType = text.xcconfig; path = Staging.xcconfig; sourceTree = "<group>"; };
		56EAA8D823C275D300DAC8FC /* Production.xcconfig */ = {isa = PBXFileReference; lastKnownFileType = text.xcconfig; path = Production.xcconfig; sourceTree = "<group>"; };
		56EAA8DA23C275D300DAC8FC /* Release-Staging.xcconfig */ = {isa = PBXFileReference; lastKnownFileType = text.xcconfig; path = "Release-Staging.xcconfig"; sourceTree = "<group>"; };
		56EAA8DB23C275D300DAC8FC /* Release-Dev.xcconfig */ = {isa = PBXFileReference; lastKnownFileType = text.xcconfig; path = "Release-Dev.xcconfig"; sourceTree = "<group>"; };
		56EAA8DC23C275D300DAC8FC /* Release-Prod.xcconfig */ = {isa = PBXFileReference; lastKnownFileType = text.xcconfig; path = "Release-Prod.xcconfig"; sourceTree = "<group>"; };
		56EAA8DE23C275D300DAC8FC /* Common.xcconfig */ = {isa = PBXFileReference; lastKnownFileType = text.xcconfig; path = Common.xcconfig; sourceTree = "<group>"; };
		56EAA8DF23C275D300DAC8FC /* Debug.xcconfig */ = {isa = PBXFileReference; lastKnownFileType = text.xcconfig; path = Debug.xcconfig; sourceTree = "<group>"; };
		56EAA8E023C275D300DAC8FC /* Test.xcconfig */ = {isa = PBXFileReference; lastKnownFileType = text.xcconfig; path = Test.xcconfig; sourceTree = "<group>"; };
		56EAA8E223C275D300DAC8FC /* Debug_Dev.xcconfig */ = {isa = PBXFileReference; lastKnownFileType = text.xcconfig; path = Debug_Dev.xcconfig; sourceTree = "<group>"; };
		56EAA8E323C275D300DAC8FC /* Debug_Staging.xcconfig */ = {isa = PBXFileReference; lastKnownFileType = text.xcconfig; path = Debug_Staging.xcconfig; sourceTree = "<group>"; };
		56EAA8E423C275D300DAC8FC /* Test_Dev.xcconfig */ = {isa = PBXFileReference; lastKnownFileType = text.xcconfig; path = Test_Dev.xcconfig; sourceTree = "<group>"; };
		56EAA8E623C27A0E00DAC8FC /* Nimble.framework */ = {isa = PBXFileReference; lastKnownFileType = wrapper.framework; name = Nimble.framework; path = Carthage/Build/iOS/Nimble.framework; sourceTree = "<group>"; };
		56EAA8E723C27A0E00DAC8FC /* Quick.framework */ = {isa = PBXFileReference; lastKnownFileType = wrapper.framework; name = Quick.framework; path = Carthage/Build/iOS/Quick.framework; sourceTree = "<group>"; };
/* End PBXFileReference section */

/* Begin PBXFrameworksBuildPhase section */
		3D9C428D22745894000A6585 /* Frameworks */ = {
			isa = PBXFrameworksBuildPhase;
			buildActionMask = 2147483647;
			files = (
			);
			runOnlyForDeploymentPostprocessing = 0;
		};
		3D9C42EE2274604A000A6585 /* Frameworks */ = {
			isa = PBXFrameworksBuildPhase;
			buildActionMask = 2147483647;
			files = (
				3D9C42F62274604A000A6585 /* MobileCI.framework in Frameworks */,
				FF1A389225FECB890035FF48 /* Quick in Frameworks */,
				FF1A388E25FECB730035FF48 /* Nimble in Frameworks */,
			);
			runOnlyForDeploymentPostprocessing = 0;
		};
		3D9C431E2274629B000A6585 /* Frameworks */ = {
			isa = PBXFrameworksBuildPhase;
			buildActionMask = 2147483647;
			files = (
				5690ED6623C2B2DB00B917C8 /* AppEnvironment in Frameworks */,
				3D9C433422746323000A6585 /* MobileCI.framework in Frameworks */,
			);
			runOnlyForDeploymentPostprocessing = 0;
		};
/* End PBXFrameworksBuildPhase section */

/* Begin PBXGroup section */
		3D9C428622745894000A6585 = {
			isa = PBXGroup;
			children = (
				3D9C42A0227458FA000A6585 /* Sources */,
				3D9C42A32274595F000A6585 /* Tests */,
				3D9C43222274629B000A6585 /* Example */,
				3D9C429B227458E8000A6585 /* Configs */,
				3D9C429122745894000A6585 /* Products */,
				56EAA8E523C27A0E00DAC8FC /* Frameworks */,
			);
			sourceTree = "<group>";
		};
		3D9C429122745894000A6585 /* Products */ = {
			isa = PBXGroup;
			children = (
				3D9C429022745894000A6585 /* MobileCI.framework */,
				3D9C42A92274599D000A6585 /* MobileCI.framework */,
				3D9C42B7227459D6000A6585 /* MobileCI.framework */,
				3D9C42C522745A07000A6585 /* MobileCI.framework */,
				3D9C42F12274604A000A6585 /* MobileCI-iOSTests.xctest */,
				3D9C43012274611B000A6585 /* MobileCI-tvOSTests.xctest */,
				3D9C431122746198000A6585 /* MobileCI-macOSTests.xctest */,
				3D9C43212274629B000A6585 /* Example.app */,
			);
			name = Products;
			sourceTree = "<group>";
		};
		3D9C429B227458E8000A6585 /* Configs */ = {
			isa = PBXGroup;
			children = (
				3D9C42DB22745DB0000A6585 /* .gitignore */,
				3D9C42D822745DAF000A6585 /* .jazzy.yaml */,
				3D9C42D922745DAF000A6585 /* .swiftlint.yml */,
				3DB91AC4229AC263002668DA /* .travis.yml */,
				56EAA8D323C275D300DAC8FC /* Environments */,
				3D9C42D622745C9D000A6585 /* Fastfile */,
				3D9C42D222745B48000A6585 /* LICENSE */,
				3D9C429C227458E8000A6585 /* MobileCI.plist */,
				3D9C42D422745B48000A6585 /* MobileCI.podspec */,
				3D9C429D227458E8000A6585 /* MobileCITests.plist */,
				3D9C42D322745B48000A6585 /* Package.swift */,
				3D9C42D522745B48000A6585 /* README.md */,
			);
			path = Configs;
			sourceTree = "<group>";
		};
		3D9C42A0227458FA000A6585 /* Sources */ = {
			isa = PBXGroup;
			children = (
				56EAA8B023C2754C00DAC8FC /* MobileCI */,
			);
			path = Sources;
			sourceTree = "<group>";
		};
		3D9C42A32274595F000A6585 /* Tests */ = {
			isa = PBXGroup;
			children = (
				56EAA8C723C2756300DAC8FC /* LinuxMain.swift */,
				56EAA8BB23C2756300DAC8FC /* MobileCITests */,
			);
			path = Tests;
			sourceTree = "<group>";
		};
		3D9C43222274629B000A6585 /* Example */ = {
			isa = PBXGroup;
			children = (
				5690ED6923C2B50E00B917C8 /* App */,
				56379B0B23C2AFB400BF099F /* AppEnvironment */,
				3D9C4333227462B9000A6585 /* Resources */,
			);
			path = Example;
			sourceTree = "<group>";
		};
		3D9C4333227462B9000A6585 /* Resources */ = {
			isa = PBXGroup;
			children = (
				3D9C432A2274629C000A6585 /* Assets.xcassets */,
				3D9C432C2274629C000A6585 /* LaunchScreen.storyboard */,
				3D9C432F2274629C000A6585 /* Info.plist */,
			);
			path = Resources;
			sourceTree = "<group>";
		};
		5690ED6923C2B50E00B917C8 /* App */ = {
			isa = PBXGroup;
			children = (
				3D9C43232274629B000A6585 /* AppDelegate.swift */,
				5690ED6723C2B3E500B917C8 /* Main.storyboard */,
				3D9C43252274629B000A6585 /* ViewController.swift */,
			);
			path = App;
			sourceTree = "<group>";
		};
		56EAA8B023C2754C00DAC8FC /* MobileCI */ = {
			isa = PBXGroup;
			children = (
				56EAA8B523C2754C00DAC8FC /* DateExtensions.swift */,
				56EAA8B223C2754C00DAC8FC /* NotificationCenter+AutoUnregister.swift */,
				56EAA8B323C2754C00DAC8FC /* SequenceExtensions.swift */,
				56EAA8B423C2754C00DAC8FC /* StringExtension.swift */,
				56EAA8B123C2754C00DAC8FC /* UITableViewExtensions.swift */,
			);
			path = MobileCI;
			sourceTree = "<group>";
		};
		56EAA8BB23C2756300DAC8FC /* MobileCITests */ = {
			isa = PBXGroup;
			children = (
				56EAA8BD23C2756300DAC8FC /* DateExtensionsSpec.swift */,
				56EAA8BC23C2756300DAC8FC /* MobileCITests.swift */,
				56EAA8C523C2756300DAC8FC /* NotificationCenter+AutoUnregisterTests.swift */,
				56EAA8C623C2756300DAC8FC /* SequenceExtensionsSpec.swift */,
				56EAA8C423C2756300DAC8FC /* StringExtensionsSpec.swift */,
				56EAA8BF23C2756300DAC8FC /* Test Utilities */,
				56EAA8C323C2756300DAC8FC /* UITableViewExtensionsSpec.swift */,
			);
			path = MobileCITests;
			sourceTree = "<group>";
		};
		56EAA8BF23C2756300DAC8FC /* Test Utilities */ = {
			isa = PBXGroup;
			children = (
				56EAA8C023C2756300DAC8FC /* MockTableViewDatasource.swift */,
				56EAA8C123C2756300DAC8FC /* MockDateProvider.swift */,
				56EAA8C223C2756300DAC8FC /* NotificationCenterSpy.swift */,
			);
			path = "Test Utilities";
			sourceTree = "<group>";
		};
		56EAA8D323C275D300DAC8FC /* Environments */ = {
			isa = PBXGroup;
			children = (
				56EAA8D423C275D300DAC8FC /* Configurations */,
			);
			path = Environments;
			sourceTree = "<group>";
		};
		56EAA8D423C275D300DAC8FC /* Configurations */ = {
			isa = PBXGroup;
			children = (
				56EAA8D523C275D300DAC8FC /* Environments */,
				56EAA8D923C275D300DAC8FC /* Release */,
				56EAA8DD23C275D300DAC8FC /* Base */,
				56EAA8E123C275D300DAC8FC /* Debug */,
			);
			path = Configurations;
			sourceTree = "<group>";
		};
		56EAA8D523C275D300DAC8FC /* Environments */ = {
			isa = PBXGroup;
			children = (
				56EAA8D623C275D300DAC8FC /* Develop.xcconfig */,
				56EAA8D723C275D300DAC8FC /* Staging.xcconfig */,
				56EAA8D823C275D300DAC8FC /* Production.xcconfig */,
			);
			path = Environments;
			sourceTree = "<group>";
		};
		56EAA8D923C275D300DAC8FC /* Release */ = {
			isa = PBXGroup;
			children = (
				56EAA8DA23C275D300DAC8FC /* Release-Staging.xcconfig */,
				56EAA8DB23C275D300DAC8FC /* Release-Dev.xcconfig */,
				56EAA8DC23C275D300DAC8FC /* Release-Prod.xcconfig */,
			);
			path = Release;
			sourceTree = "<group>";
		};
		56EAA8DD23C275D300DAC8FC /* Base */ = {
			isa = PBXGroup;
			children = (
				56EAA8DE23C275D300DAC8FC /* Common.xcconfig */,
				56EAA8DF23C275D300DAC8FC /* Debug.xcconfig */,
				56EAA8E023C275D300DAC8FC /* Test.xcconfig */,
			);
			path = Base;
			sourceTree = "<group>";
		};
		56EAA8E123C275D300DAC8FC /* Debug */ = {
			isa = PBXGroup;
			children = (
				56EAA8E223C275D300DAC8FC /* Debug_Dev.xcconfig */,
				56EAA8E323C275D300DAC8FC /* Debug_Staging.xcconfig */,
				56EAA8E423C275D300DAC8FC /* Test_Dev.xcconfig */,
			);
			path = Debug;
			sourceTree = "<group>";
		};
		56EAA8E523C27A0E00DAC8FC /* Frameworks */ = {
			isa = PBXGroup;
			children = (
				56EAA8E623C27A0E00DAC8FC /* Nimble.framework */,
				56EAA8E723C27A0E00DAC8FC /* Quick.framework */,
			);
			name = Frameworks;
			sourceTree = "<group>";
		};
/* End PBXGroup section */

/* Begin PBXHeadersBuildPhase section */
		3D9C428B22745894000A6585 /* Headers */ = {
			isa = PBXHeadersBuildPhase;
			buildActionMask = 2147483647;
			files = (
			);
			runOnlyForDeploymentPostprocessing = 0;
		};
/* End PBXHeadersBuildPhase section */

/* Begin PBXNativeTarget section */
		3D9C428F22745894000A6585 /* MobileCI-iOS */ = {
			isa = PBXNativeTarget;
			buildConfigurationList = 3D9C429822745894000A6585 /* Build configuration list for PBXNativeTarget "MobileCI-iOS" */;
			buildPhases = (
				3D9C428B22745894000A6585 /* Headers */,
				3D9C428C22745894000A6585 /* Sources */,
				3D9C428D22745894000A6585 /* Frameworks */,
				3D9C428E22745894000A6585 /* Resources */,
				3D9C42CE22745AEA000A6585 /* Run SwiftLint */,
			);
			buildRules = (
			);
			dependencies = (
			);
			name = "MobileCI-iOS";
			productName = MobileCI;
			productReference = 3D9C429022745894000A6585 /* MobileCI.framework */;
			productType = "com.apple.product-type.framework";
		};
		3D9C42F02274604A000A6585 /* MobileCI-iOSTests */ = {
			isa = PBXNativeTarget;
			buildConfigurationList = 3D9C42F92274604A000A6585 /* Build configuration list for PBXNativeTarget "MobileCI-iOSTests" */;
			buildPhases = (
				3D9C42ED2274604A000A6585 /* Sources */,
				3D9C42EE2274604A000A6585 /* Frameworks */,
				3D9C42EF2274604A000A6585 /* Resources */,
			);
			buildRules = (
			);
			dependencies = (
				3D9C42F82274604A000A6585 /* PBXTargetDependency */,
			);
			name = "MobileCI-iOSTests";
			packageProductDependencies = (
				FF1A388D25FECB730035FF48 /* Nimble */,
				FF1A389125FECB890035FF48 /* Quick */,
			);
			productName = "MobileCI-iOSTests";
			productReference = 3D9C42F12274604A000A6585 /* MobileCI-iOSTests.xctest */;
			productType = "com.apple.product-type.bundle.unit-test";
		};
		3D9C43202274629B000A6585 /* Example */ = {
			isa = PBXNativeTarget;
			buildConfigurationList = 3D9C43302274629C000A6585 /* Build configuration list for PBXNativeTarget "Example" */;
			buildPhases = (
				3D9C431D2274629B000A6585 /* Sources */,
				3D9C431E2274629B000A6585 /* Frameworks */,
				3D9C431F2274629B000A6585 /* Resources */,
				3D9C433822746323000A6585 /* Embed Frameworks */,
				EEEA2D4D9BD854357CE1892E /* Carthage */,
			);
			buildRules = (
			);
			dependencies = (
				3D9C433722746323000A6585 /* PBXTargetDependency */,
			);
			name = Example;
			packageProductDependencies = (
				5690ED6523C2B2DB00B917C8 /* AppEnvironment */,
			);
			productName = Example;
			productReference = 3D9C43212274629B000A6585 /* Example.app */;
			productType = "com.apple.product-type.application";
		};
/* End PBXNativeTarget section */

/* Begin PBXProject section */
		3D9C428722745894000A6585 /* Project object */ = {
			isa = PBXProject;
			attributes = {
				LastSwiftUpdateCheck = 1020;
				LastUpgradeCheck = 1020;
				ORGANIZATIONNAME = kevnm67;
				TargetAttributes = {
					3D9C428F22745894000A6585 = {
						CreatedOnToolsVersion = 10.2.1;
						LastSwiftMigration = 1020;
					};
					3D9C42F02274604A000A6585 = {
						CreatedOnToolsVersion = 10.2.1;
						LastSwiftMigration = 1130;
					};
					3D9C43202274629B000A6585 = {
						CreatedOnToolsVersion = 10.2.1;
					};
				};
			};
			buildConfigurationList = 3D9C428A22745894000A6585 /* Build configuration list for PBXProject "MobileCI" */;
			compatibilityVersion = "Xcode 9.3";
			developmentRegion = en;
			hasScannedForEncodings = 0;
			knownRegions = (
				en,
				Base,
			);
			mainGroup = 3D9C428622745894000A6585;
			packageReferences = (
				FF1A388C25FECB730035FF48 /* XCRemoteSwiftPackageReference "Nimble" */,
				FF1A389025FECB890035FF48 /* XCRemoteSwiftPackageReference "Quick" */,
			);
			productRefGroup = 3D9C429122745894000A6585 /* Products */;
			projectDirPath = "";
			projectRoot = "";
			targets = (
				3D9C428F22745894000A6585 /* MobileCI-iOS */,
				3D9C42F02274604A000A6585 /* MobileCI-iOSTests */,
				3D9C43202274629B000A6585 /* Example */,
			);
		};
/* End PBXProject section */

/* Begin PBXResourcesBuildPhase section */
		3D9C428E22745894000A6585 /* Resources */ = {
			isa = PBXResourcesBuildPhase;
			buildActionMask = 2147483647;
			files = (
			);
			runOnlyForDeploymentPostprocessing = 0;
		};
		3D9C42EF2274604A000A6585 /* Resources */ = {
			isa = PBXResourcesBuildPhase;
			buildActionMask = 2147483647;
			files = (
			);
			runOnlyForDeploymentPostprocessing = 0;
		};
		3D9C431F2274629B000A6585 /* Resources */ = {
			isa = PBXResourcesBuildPhase;
			buildActionMask = 2147483647;
			files = (
				5690ED6823C2B3E500B917C8 /* Main.storyboard in Resources */,
				3D9C432E2274629C000A6585 /* LaunchScreen.storyboard in Resources */,
				3D9C432B2274629C000A6585 /* Assets.xcassets in Resources */,
			);
			runOnlyForDeploymentPostprocessing = 0;
		};
/* End PBXResourcesBuildPhase section */

/* Begin PBXShellScriptBuildPhase section */
		3D9C42CE22745AEA000A6585 /* Run SwiftLint */ = {
			isa = PBXShellScriptBuildPhase;
			buildActionMask = 2147483647;
			files = (
			);
			inputFileListPaths = (
			);
			inputPaths = (
			);
			name = "Run SwiftLint";
			outputFileListPaths = (
			);
			outputPaths = (
			);
			runOnlyForDeploymentPostprocessing = 0;
			shellPath = /bin/sh;
			shellScript = "if which swiftlint >/dev/null; then\nswiftlint\nelse\necho \"warning: SwiftLint not installed, download from https://github.com/realm/SwiftLint\"\nfi\n";
		};
		EEEA2D4D9BD854357CE1892E /* Carthage */ = {
			isa = PBXShellScriptBuildPhase;
			buildActionMask = 2147483647;
			files = (
			);
			inputFileListPaths = (
				"$(SRCROOT)/Carthage/xcfilelists/Example-inputPaths.xcfilelist",
			);
			inputPaths = (
			);
			name = Carthage;
			outputFileListPaths = (
				"$(SRCROOT)/Carthage/xcfilelists/Example-outputPaths.xcfilelist",
			);
			outputPaths = (
			);
			runOnlyForDeploymentPostprocessing = 0;
			shellPath = /bin/sh;
			shellScript = "/usr/local/bin/carthage copy-frameworks";
		};
/* End PBXShellScriptBuildPhase section */

/* Begin PBXSourcesBuildPhase section */
		3D9C428C22745894000A6585 /* Sources */ = {
			isa = PBXSourcesBuildPhase;
			buildActionMask = 2147483647;
			files = (
				56EAA8B923C2754C00DAC8FC /* StringExtension.swift in Sources */,
				56EAA8BA23C2754C00DAC8FC /* DateExtensions.swift in Sources */,
				56EAA8B723C2754C00DAC8FC /* NotificationCenter+AutoUnregister.swift in Sources */,
				56EAA8B823C2754C00DAC8FC /* SequenceExtensions.swift in Sources */,
				56EAA8B623C2754C00DAC8FC /* UITableViewExtensions.swift in Sources */,
			);
			runOnlyForDeploymentPostprocessing = 0;
		};
		3D9C42ED2274604A000A6585 /* Sources */ = {
			isa = PBXSourcesBuildPhase;
			buildActionMask = 2147483647;
			files = (
				56EAA8CC23C2756300DAC8FC /* MockDateProvider.swift in Sources */,
				56EAA8CF23C2756300DAC8FC /* StringExtensionsSpec.swift in Sources */,
				56EAA8C923C2756300DAC8FC /* DateExtensionsSpec.swift in Sources */,
				56EAA8D123C2756300DAC8FC /* SequenceExtensionsSpec.swift in Sources */,
				56EAA8C823C2756300DAC8FC /* MobileCITests.swift in Sources */,
				56EAA8D223C2756300DAC8FC /* LinuxMain.swift in Sources */,
				56EAA8CD23C2756300DAC8FC /* NotificationCenterSpy.swift in Sources */,
				56EAA8CE23C2756300DAC8FC /* UITableViewExtensionsSpec.swift in Sources */,
				56EAA8D023C2756300DAC8FC /* NotificationCenter+AutoUnregisterTests.swift in Sources */,
				56EAA8CB23C2756300DAC8FC /* MockTableViewDatasource.swift in Sources */,
			);
			runOnlyForDeploymentPostprocessing = 0;
		};
		3D9C431D2274629B000A6585 /* Sources */ = {
			isa = PBXSourcesBuildPhase;
			buildActionMask = 2147483647;
			files = (
				3D9C43262274629B000A6585 /* ViewController.swift in Sources */,
				3D9C43242274629B000A6585 /* AppDelegate.swift in Sources */,
			);
			runOnlyForDeploymentPostprocessing = 0;
		};
/* End PBXSourcesBuildPhase section */

/* Begin PBXTargetDependency section */
		3D9C42F82274604A000A6585 /* PBXTargetDependency */ = {
			isa = PBXTargetDependency;
			target = 3D9C428F22745894000A6585 /* MobileCI-iOS */;
			targetProxy = 3D9C42F72274604A000A6585 /* PBXContainerItemProxy */;
		};
		3D9C433722746323000A6585 /* PBXTargetDependency */ = {
			isa = PBXTargetDependency;
			target = 3D9C428F22745894000A6585 /* MobileCI-iOS */;
			targetProxy = 3D9C433622746323000A6585 /* PBXContainerItemProxy */;
		};
/* End PBXTargetDependency section */

/* Begin PBXVariantGroup section */
		3D9C432C2274629C000A6585 /* LaunchScreen.storyboard */ = {
			isa = PBXVariantGroup;
			children = (
				3D9C432D2274629C000A6585 /* Base */,
			);
			name = LaunchScreen.storyboard;
			sourceTree = "<group>";
		};
/* End PBXVariantGroup section */

/* Begin XCBuildConfiguration section */
		3D9C429622745894000A6585 /* Debug */ = {
			isa = XCBuildConfiguration;
			baseConfigurationReference = 56EAA8DF23C275D300DAC8FC /* Debug.xcconfig */;
			buildSettings = {
				ALWAYS_SEARCH_USER_PATHS = NO;
				CLANG_ANALYZER_NONNULL = YES;
				CLANG_ANALYZER_NUMBER_OBJECT_CONVERSION = YES_AGGRESSIVE;
				CLANG_CXX_LANGUAGE_STANDARD = "gnu++14";
				CLANG_CXX_LIBRARY = "libc++";
				CLANG_ENABLE_MODULES = YES;
				CLANG_ENABLE_OBJC_ARC = YES;
				CLANG_ENABLE_OBJC_WEAK = YES;
				CLANG_WARN_BLOCK_CAPTURE_AUTORELEASING = YES;
				CLANG_WARN_BOOL_CONVERSION = YES;
				CLANG_WARN_COMMA = YES;
				CLANG_WARN_CONSTANT_CONVERSION = YES;
				CLANG_WARN_DEPRECATED_OBJC_IMPLEMENTATIONS = YES;
				CLANG_WARN_DIRECT_OBJC_ISA_USAGE = YES_ERROR;
				CLANG_WARN_DOCUMENTATION_COMMENTS = YES;
				CLANG_WARN_EMPTY_BODY = YES;
				CLANG_WARN_ENUM_CONVERSION = YES;
				CLANG_WARN_INFINITE_RECURSION = YES;
				CLANG_WARN_INT_CONVERSION = YES;
				CLANG_WARN_NON_LITERAL_NULL_CONVERSION = YES;
				CLANG_WARN_OBJC_IMPLICIT_RETAIN_SELF = YES;
				CLANG_WARN_OBJC_LITERAL_CONVERSION = YES;
				CLANG_WARN_OBJC_ROOT_CLASS = YES_ERROR;
				CLANG_WARN_RANGE_LOOP_ANALYSIS = YES;
				CLANG_WARN_STRICT_PROTOTYPES = YES;
				CLANG_WARN_SUSPICIOUS_MOVE = YES;
				CLANG_WARN_UNGUARDED_AVAILABILITY = YES_AGGRESSIVE;
				CLANG_WARN_UNREACHABLE_CODE = YES;
				CLANG_WARN__DUPLICATE_METHOD_MATCH = YES;
				CODE_SIGN_IDENTITY = "iPhone Developer";
				COPY_PHASE_STRIP = NO;
				CURRENT_PROJECT_VERSION = 1;
				DEBUG_INFORMATION_FORMAT = dwarf;
				ENABLE_STRICT_OBJC_MSGSEND = YES;
				ENABLE_TESTABILITY = YES;
				GCC_C_LANGUAGE_STANDARD = gnu11;
				GCC_DYNAMIC_NO_PIC = NO;
				GCC_NO_COMMON_BLOCKS = YES;
				GCC_OPTIMIZATION_LEVEL = 0;
				GCC_PREPROCESSOR_DEFINITIONS = (
					"DEBUG=1",
					"$(inherited)",
				);
				GCC_WARN_64_TO_32_BIT_CONVERSION = YES;
				GCC_WARN_ABOUT_RETURN_TYPE = YES_ERROR;
				GCC_WARN_UNDECLARED_SELECTOR = YES;
				GCC_WARN_UNINITIALIZED_AUTOS = YES_AGGRESSIVE;
				GCC_WARN_UNUSED_FUNCTION = YES;
				GCC_WARN_UNUSED_VARIABLE = YES;
				IPHONEOS_DEPLOYMENT_TARGET = 12.0;
				MACOSX_DEPLOYMENT_TARGET = 10.14;
				MTL_ENABLE_DEBUG_INFO = INCLUDE_SOURCE;
				MTL_FAST_MATH = YES;
				ONLY_ACTIVE_ARCH = YES;
				SDKROOT = iphoneos;
				SWIFT_ACTIVE_COMPILATION_CONDITIONS = DEBUG;
				SWIFT_OPTIMIZATION_LEVEL = "-Onone";
				SWIFT_VERSION = 5.0;
				VERSIONING_SYSTEM = "apple-generic";
				VERSION_INFO_PREFIX = "";
			};
			name = Debug;
		};
		3D9C429722745894000A6585 /* Release */ = {
			isa = XCBuildConfiguration;
			baseConfigurationReference = 56EAA8DC23C275D300DAC8FC /* Release-Prod.xcconfig */;
			buildSettings = {
				ALWAYS_SEARCH_USER_PATHS = NO;
				CLANG_ANALYZER_NONNULL = YES;
				CLANG_ANALYZER_NUMBER_OBJECT_CONVERSION = YES_AGGRESSIVE;
				CLANG_CXX_LANGUAGE_STANDARD = "gnu++14";
				CLANG_CXX_LIBRARY = "libc++";
				CLANG_ENABLE_MODULES = YES;
				CLANG_ENABLE_OBJC_ARC = YES;
				CLANG_ENABLE_OBJC_WEAK = YES;
				CLANG_WARN_BLOCK_CAPTURE_AUTORELEASING = YES;
				CLANG_WARN_BOOL_CONVERSION = YES;
				CLANG_WARN_COMMA = YES;
				CLANG_WARN_CONSTANT_CONVERSION = YES;
				CLANG_WARN_DEPRECATED_OBJC_IMPLEMENTATIONS = YES;
				CLANG_WARN_DIRECT_OBJC_ISA_USAGE = YES_ERROR;
				CLANG_WARN_DOCUMENTATION_COMMENTS = YES;
				CLANG_WARN_EMPTY_BODY = YES;
				CLANG_WARN_ENUM_CONVERSION = YES;
				CLANG_WARN_INFINITE_RECURSION = YES;
				CLANG_WARN_INT_CONVERSION = YES;
				CLANG_WARN_NON_LITERAL_NULL_CONVERSION = YES;
				CLANG_WARN_OBJC_IMPLICIT_RETAIN_SELF = YES;
				CLANG_WARN_OBJC_LITERAL_CONVERSION = YES;
				CLANG_WARN_OBJC_ROOT_CLASS = YES_ERROR;
				CLANG_WARN_RANGE_LOOP_ANALYSIS = YES;
				CLANG_WARN_STRICT_PROTOTYPES = YES;
				CLANG_WARN_SUSPICIOUS_MOVE = YES;
				CLANG_WARN_UNGUARDED_AVAILABILITY = YES_AGGRESSIVE;
				CLANG_WARN_UNREACHABLE_CODE = YES;
				CLANG_WARN__DUPLICATE_METHOD_MATCH = YES;
				CODE_SIGN_IDENTITY = "iPhone Developer";
				COPY_PHASE_STRIP = NO;
				CURRENT_PROJECT_VERSION = 1;
				DEBUG_INFORMATION_FORMAT = "dwarf-with-dsym";
				ENABLE_NS_ASSERTIONS = NO;
				ENABLE_STRICT_OBJC_MSGSEND = YES;
				GCC_C_LANGUAGE_STANDARD = gnu11;
				GCC_NO_COMMON_BLOCKS = YES;
				GCC_WARN_64_TO_32_BIT_CONVERSION = YES;
				GCC_WARN_ABOUT_RETURN_TYPE = YES_ERROR;
				GCC_WARN_UNDECLARED_SELECTOR = YES;
				GCC_WARN_UNINITIALIZED_AUTOS = YES_AGGRESSIVE;
				GCC_WARN_UNUSED_FUNCTION = YES;
				GCC_WARN_UNUSED_VARIABLE = YES;
				IPHONEOS_DEPLOYMENT_TARGET = 12.0;
				MACOSX_DEPLOYMENT_TARGET = 10.14;
				MTL_ENABLE_DEBUG_INFO = NO;
				MTL_FAST_MATH = YES;
				SDKROOT = iphoneos;
				SWIFT_COMPILATION_MODE = wholemodule;
				SWIFT_OPTIMIZATION_LEVEL = "-O";
				SWIFT_VERSION = 5.0;
				VALIDATE_PRODUCT = YES;
				VERSIONING_SYSTEM = "apple-generic";
				VERSION_INFO_PREFIX = "";
			};
			name = Release;
		};
		3D9C429922745894000A6585 /* Debug */ = {
			isa = XCBuildConfiguration;
			buildSettings = {
				APPLICATION_EXTENSION_API_ONLY = YES;
				CLANG_ENABLE_MODULES = YES;
				CODE_SIGN_IDENTITY = "";
				CODE_SIGN_STYLE = Manual;
				DEFINES_MODULE = YES;
				DEVELOPMENT_TEAM = "";
				DYLIB_COMPATIBILITY_VERSION = 1;
				DYLIB_CURRENT_VERSION = 1;
				DYLIB_INSTALL_NAME_BASE = "@rpath";
				INFOPLIST_FILE = Configs/MobileCI.plist;
				INSTALL_PATH = "$(LOCAL_LIBRARY_DIR)/Frameworks";
				IPHONEOS_DEPLOYMENT_TARGET = 12.0;
				LD_RUNPATH_SEARCH_PATHS = (
					"$(inherited)",
					"@executable_path/Frameworks",
					"@loader_path/Frameworks",
				);
				MACOSX_DEPLOYMENT_TARGET = 10.14;
				PRODUCT_BUNDLE_IDENTIFIER = "com.kevnm67.MobileCI-iOS";
				PRODUCT_NAME = MobileCI;
				PROVISIONING_PROFILE_SPECIFIER = "";
				SKIP_INSTALL = YES;
				SWIFT_OPTIMIZATION_LEVEL = "-Onone";
				SWIFT_VERSION = 5.0;
				TARGETED_DEVICE_FAMILY = "1,2";
				TVOS_DEPLOYMENT_TARGET = 12.0;
				WATCHOS_DEPLOYMENT_TARGET = 5.0;
			};
			name = Debug;
		};
		3D9C429A22745894000A6585 /* Release */ = {
			isa = XCBuildConfiguration;
			buildSettings = {
				APPLICATION_EXTENSION_API_ONLY = YES;
				CLANG_ENABLE_MODULES = YES;
				CODE_SIGN_IDENTITY = "";
				CODE_SIGN_STYLE = Manual;
				DEFINES_MODULE = YES;
				DEVELOPMENT_TEAM = "";
				DYLIB_COMPATIBILITY_VERSION = 1;
				DYLIB_CURRENT_VERSION = 1;
				DYLIB_INSTALL_NAME_BASE = "@rpath";
				INFOPLIST_FILE = Configs/MobileCI.plist;
				INSTALL_PATH = "$(LOCAL_LIBRARY_DIR)/Frameworks";
				IPHONEOS_DEPLOYMENT_TARGET = 12.0;
				LD_RUNPATH_SEARCH_PATHS = (
					"$(inherited)",
					"@executable_path/Frameworks",
					"@loader_path/Frameworks",
				);
				MACOSX_DEPLOYMENT_TARGET = 10.14;
				PRODUCT_BUNDLE_IDENTIFIER = "com.kevnm67.MobileCI-iOS";
				PRODUCT_NAME = MobileCI;
				PROVISIONING_PROFILE_SPECIFIER = "";
				SKIP_INSTALL = YES;
				SWIFT_VERSION = 5.0;
				TARGETED_DEVICE_FAMILY = "1,2";
				TVOS_DEPLOYMENT_TARGET = 12.0;
				WATCHOS_DEPLOYMENT_TARGET = 5.0;
			};
			name = Release;
		};
		3D9C42FA2274604A000A6585 /* Debug */ = {
			isa = XCBuildConfiguration;
			buildSettings = {
				ALWAYS_EMBED_SWIFT_STANDARD_LIBRARIES = YES;
				CLANG_ENABLE_MODULES = YES;
				CODE_SIGN_STYLE = Automatic;
				FRAMEWORK_SEARCH_PATHS = (
					"$(inherited)",
					"$(PROJECT_DIR)/Carthage/Build/iOS",
				);
				INFOPLIST_FILE = Configs/MobileCITests.plist;
				IPHONEOS_DEPLOYMENT_TARGET = 12.0;
				LD_RUNPATH_SEARCH_PATHS = (
					"$(inherited)",
					"@executable_path/Frameworks",
					"@loader_path/Frameworks",
				);
				MACOSX_DEPLOYMENT_TARGET = 10.14;
				PRODUCT_BUNDLE_IDENTIFIER = "com.kevnm67.MobileCI-iOSTests";
				PRODUCT_NAME = "$(TARGET_NAME)";
				SWIFT_OPTIMIZATION_LEVEL = "-Onone";
				SWIFT_VERSION = 5.0;
				TARGETED_DEVICE_FAMILY = "1,2";
				TVOS_DEPLOYMENT_TARGET = 12.0;
				WATCHOS_DEPLOYMENT_TARGET = 5.0;
			};
			name = Debug;
		};
		3D9C42FB2274604A000A6585 /* Release */ = {
			isa = XCBuildConfiguration;
			buildSettings = {
				ALWAYS_EMBED_SWIFT_STANDARD_LIBRARIES = YES;
				CLANG_ENABLE_MODULES = YES;
				CODE_SIGN_STYLE = Automatic;
				FRAMEWORK_SEARCH_PATHS = (
					"$(inherited)",
					"$(PROJECT_DIR)/Carthage/Build/iOS",
				);
				INFOPLIST_FILE = Configs/MobileCITests.plist;
				IPHONEOS_DEPLOYMENT_TARGET = 12.0;
				LD_RUNPATH_SEARCH_PATHS = (
					"$(inherited)",
					"@executable_path/Frameworks",
					"@loader_path/Frameworks",
				);
				MACOSX_DEPLOYMENT_TARGET = 10.14;
				PRODUCT_BUNDLE_IDENTIFIER = "com.kevnm67.MobileCI-iOSTests";
				PRODUCT_NAME = "$(TARGET_NAME)";
				SWIFT_VERSION = 5.0;
				TARGETED_DEVICE_FAMILY = "1,2";
				TVOS_DEPLOYMENT_TARGET = 12.0;
				WATCHOS_DEPLOYMENT_TARGET = 5.0;
			};
			name = Release;
		};
		3D9C43312274629C000A6585 /* Debug */ = {
			isa = XCBuildConfiguration;
			buildSettings = {
				ALWAYS_EMBED_SWIFT_STANDARD_LIBRARIES = YES;
				ASSETCATALOG_COMPILER_APPICON_NAME = AppIcon;
				CODE_SIGN_STYLE = Manual;
				DEVELOPMENT_TEAM = "";
				INFOPLIST_FILE = Example/Resources/Info.plist;
				IPHONEOS_DEPLOYMENT_TARGET = 12.0;
				LD_RUNPATH_SEARCH_PATHS = (
					"$(inherited)",
					"@executable_path/Frameworks",
				);
				MACOSX_DEPLOYMENT_TARGET = 10.14;
				PRODUCT_BUNDLE_IDENTIFIER = "com.kevnm67-iOS.Example$(BUNDLE_ID_SUFFIX)";
				PRODUCT_NAME = "$(TARGET_NAME)";
				PROVISIONING_PROFILE_SPECIFIER = "";
				SWIFT_VERSION = 5.0;
				TARGETED_DEVICE_FAMILY = "1,2";
				TVOS_DEPLOYMENT_TARGET = 12.0;
				WATCHOS_DEPLOYMENT_TARGET = 5.0;
			};
			name = Debug;
		};
		3D9C43322274629C000A6585 /* Release */ = {
			isa = XCBuildConfiguration;
			buildSettings = {
				ALWAYS_EMBED_SWIFT_STANDARD_LIBRARIES = YES;
				ASSETCATALOG_COMPILER_APPICON_NAME = AppIcon;
				CODE_SIGN_STYLE = Manual;
				DEVELOPMENT_TEAM = "";
				INFOPLIST_FILE = Example/Resources/Info.plist;
				IPHONEOS_DEPLOYMENT_TARGET = 12.0;
				LD_RUNPATH_SEARCH_PATHS = (
					"$(inherited)",
					"@executable_path/Frameworks",
				);
				MACOSX_DEPLOYMENT_TARGET = 10.14;
				PRODUCT_BUNDLE_IDENTIFIER = "com.kevnm67-iOS.Example$(BUNDLE_ID_SUFFIX)";
				PRODUCT_NAME = "$(TARGET_NAME)";
				PROVISIONING_PROFILE_SPECIFIER = "";
				SWIFT_VERSION = 5.0;
				TARGETED_DEVICE_FAMILY = "1,2";
				TVOS_DEPLOYMENT_TARGET = 12.0;
				WATCHOS_DEPLOYMENT_TARGET = 5.0;
			};
			name = Release;
		};
		5639A16423C15DDB00AF46C1 /* Debug_staging */ = {
			isa = XCBuildConfiguration;
			baseConfigurationReference = 56EAA8E323C275D300DAC8FC /* Debug_Staging.xcconfig */;
			buildSettings = {
				ALWAYS_SEARCH_USER_PATHS = NO;
				CLANG_ANALYZER_NONNULL = YES;
				CLANG_ANALYZER_NUMBER_OBJECT_CONVERSION = YES_AGGRESSIVE;
				CLANG_CXX_LANGUAGE_STANDARD = "gnu++14";
				CLANG_CXX_LIBRARY = "libc++";
				CLANG_ENABLE_MODULES = YES;
				CLANG_ENABLE_OBJC_ARC = YES;
				CLANG_ENABLE_OBJC_WEAK = YES;
				CLANG_WARN_BLOCK_CAPTURE_AUTORELEASING = YES;
				CLANG_WARN_BOOL_CONVERSION = YES;
				CLANG_WARN_COMMA = YES;
				CLANG_WARN_CONSTANT_CONVERSION = YES;
				CLANG_WARN_DEPRECATED_OBJC_IMPLEMENTATIONS = YES;
				CLANG_WARN_DIRECT_OBJC_ISA_USAGE = YES_ERROR;
				CLANG_WARN_DOCUMENTATION_COMMENTS = YES;
				CLANG_WARN_EMPTY_BODY = YES;
				CLANG_WARN_ENUM_CONVERSION = YES;
				CLANG_WARN_INFINITE_RECURSION = YES;
				CLANG_WARN_INT_CONVERSION = YES;
				CLANG_WARN_NON_LITERAL_NULL_CONVERSION = YES;
				CLANG_WARN_OBJC_IMPLICIT_RETAIN_SELF = YES;
				CLANG_WARN_OBJC_LITERAL_CONVERSION = YES;
				CLANG_WARN_OBJC_ROOT_CLASS = YES_ERROR;
				CLANG_WARN_RANGE_LOOP_ANALYSIS = YES;
				CLANG_WARN_STRICT_PROTOTYPES = YES;
				CLANG_WARN_SUSPICIOUS_MOVE = YES;
				CLANG_WARN_UNGUARDED_AVAILABILITY = YES_AGGRESSIVE;
				CLANG_WARN_UNREACHABLE_CODE = YES;
				CLANG_WARN__DUPLICATE_METHOD_MATCH = YES;
				CODE_SIGN_IDENTITY = "iPhone Developer";
				COPY_PHASE_STRIP = NO;
				CURRENT_PROJECT_VERSION = 1;
				DEBUG_INFORMATION_FORMAT = dwarf;
				ENABLE_STRICT_OBJC_MSGSEND = YES;
				ENABLE_TESTABILITY = YES;
				GCC_C_LANGUAGE_STANDARD = gnu11;
				GCC_DYNAMIC_NO_PIC = NO;
				GCC_NO_COMMON_BLOCKS = YES;
				GCC_OPTIMIZATION_LEVEL = 0;
				GCC_PREPROCESSOR_DEFINITIONS = (
					"DEBUG=1",
					"$(inherited)",
				);
				GCC_WARN_64_TO_32_BIT_CONVERSION = YES;
				GCC_WARN_ABOUT_RETURN_TYPE = YES_ERROR;
				GCC_WARN_UNDECLARED_SELECTOR = YES;
				GCC_WARN_UNINITIALIZED_AUTOS = YES_AGGRESSIVE;
				GCC_WARN_UNUSED_FUNCTION = YES;
				GCC_WARN_UNUSED_VARIABLE = YES;
				IPHONEOS_DEPLOYMENT_TARGET = 12.0;
				MACOSX_DEPLOYMENT_TARGET = 10.14;
				MTL_ENABLE_DEBUG_INFO = INCLUDE_SOURCE;
				MTL_FAST_MATH = YES;
				ONLY_ACTIVE_ARCH = YES;
				SDKROOT = iphoneos;
				SWIFT_ACTIVE_COMPILATION_CONDITIONS = DEBUG;
				SWIFT_OPTIMIZATION_LEVEL = "-Onone";
				SWIFT_VERSION = 5.0;
				VERSIONING_SYSTEM = "apple-generic";
				VERSION_INFO_PREFIX = "";
			};
			name = Debug_staging;
		};
		5639A16523C15DDB00AF46C1 /* Debug_staging */ = {
			isa = XCBuildConfiguration;
			buildSettings = {
				APPLICATION_EXTENSION_API_ONLY = YES;
				CLANG_ENABLE_MODULES = YES;
				CODE_SIGN_IDENTITY = "";
				CODE_SIGN_STYLE = Manual;
				DEFINES_MODULE = YES;
				DEVELOPMENT_TEAM = "";
				DYLIB_COMPATIBILITY_VERSION = 1;
				DYLIB_CURRENT_VERSION = 1;
				DYLIB_INSTALL_NAME_BASE = "@rpath";
				INFOPLIST_FILE = Configs/MobileCI.plist;
				INSTALL_PATH = "$(LOCAL_LIBRARY_DIR)/Frameworks";
				IPHONEOS_DEPLOYMENT_TARGET = 12.0;
				LD_RUNPATH_SEARCH_PATHS = (
					"$(inherited)",
					"@executable_path/Frameworks",
					"@loader_path/Frameworks",
				);
				MACOSX_DEPLOYMENT_TARGET = 10.14;
				PRODUCT_BUNDLE_IDENTIFIER = "com.kevnm67.MobileCI-iOS";
				PRODUCT_NAME = MobileCI;
				PROVISIONING_PROFILE_SPECIFIER = "";
				SKIP_INSTALL = YES;
				SWIFT_OPTIMIZATION_LEVEL = "-Onone";
				SWIFT_VERSION = 5.0;
				TARGETED_DEVICE_FAMILY = "1,2";
				TVOS_DEPLOYMENT_TARGET = 12.0;
				WATCHOS_DEPLOYMENT_TARGET = 5.0;
			};
			name = Debug_staging;
		};
		5639A16923C15DDB00AF46C1 /* Debug_staging */ = {
			isa = XCBuildConfiguration;
			buildSettings = {
				ALWAYS_EMBED_SWIFT_STANDARD_LIBRARIES = YES;
				CLANG_ENABLE_MODULES = YES;
				CODE_SIGN_STYLE = Automatic;
				FRAMEWORK_SEARCH_PATHS = (
					"$(inherited)",
					"$(PROJECT_DIR)/Carthage/Build/iOS",
				);
				INFOPLIST_FILE = Configs/MobileCITests.plist;
				IPHONEOS_DEPLOYMENT_TARGET = 12.0;
				LD_RUNPATH_SEARCH_PATHS = (
					"$(inherited)",
					"@executable_path/Frameworks",
					"@loader_path/Frameworks",
				);
				MACOSX_DEPLOYMENT_TARGET = 10.14;
				PRODUCT_BUNDLE_IDENTIFIER = "com.kevnm67.MobileCI-iOSTests";
				PRODUCT_NAME = "$(TARGET_NAME)";
				SWIFT_OPTIMIZATION_LEVEL = "-Onone";
				SWIFT_VERSION = 5.0;
				TARGETED_DEVICE_FAMILY = "1,2";
				TVOS_DEPLOYMENT_TARGET = 12.0;
				WATCHOS_DEPLOYMENT_TARGET = 5.0;
			};
			name = Debug_staging;
		};
		5639A16C23C15DDB00AF46C1 /* Debug_staging */ = {
			isa = XCBuildConfiguration;
			buildSettings = {
				ALWAYS_EMBED_SWIFT_STANDARD_LIBRARIES = YES;
				ASSETCATALOG_COMPILER_APPICON_NAME = AppIcon;
				CODE_SIGN_STYLE = Manual;
				DEVELOPMENT_TEAM = "";
				INFOPLIST_FILE = Example/Resources/Info.plist;
				IPHONEOS_DEPLOYMENT_TARGET = 12.0;
				LD_RUNPATH_SEARCH_PATHS = (
					"$(inherited)",
					"@executable_path/Frameworks",
				);
				MACOSX_DEPLOYMENT_TARGET = 10.14;
				PRODUCT_BUNDLE_IDENTIFIER = "com.kevnm67-iOS.Example$(BUNDLE_ID_SUFFIX)";
				PRODUCT_NAME = "$(TARGET_NAME)";
				PROVISIONING_PROFILE_SPECIFIER = "";
				SWIFT_VERSION = 5.0;
				TARGETED_DEVICE_FAMILY = "1,2";
				TVOS_DEPLOYMENT_TARGET = 12.0;
				WATCHOS_DEPLOYMENT_TARGET = 5.0;
			};
			name = Debug_staging;
		};
		5639A16D23C15DE700AF46C1 /* Release_staging */ = {
			isa = XCBuildConfiguration;
			baseConfigurationReference = 56EAA8DA23C275D300DAC8FC /* Release-Staging.xcconfig */;
			buildSettings = {
				ALWAYS_SEARCH_USER_PATHS = NO;
				CLANG_ANALYZER_NONNULL = YES;
				CLANG_ANALYZER_NUMBER_OBJECT_CONVERSION = YES_AGGRESSIVE;
				CLANG_CXX_LANGUAGE_STANDARD = "gnu++14";
				CLANG_CXX_LIBRARY = "libc++";
				CLANG_ENABLE_MODULES = YES;
				CLANG_ENABLE_OBJC_ARC = YES;
				CLANG_ENABLE_OBJC_WEAK = YES;
				CLANG_WARN_BLOCK_CAPTURE_AUTORELEASING = YES;
				CLANG_WARN_BOOL_CONVERSION = YES;
				CLANG_WARN_COMMA = YES;
				CLANG_WARN_CONSTANT_CONVERSION = YES;
				CLANG_WARN_DEPRECATED_OBJC_IMPLEMENTATIONS = YES;
				CLANG_WARN_DIRECT_OBJC_ISA_USAGE = YES_ERROR;
				CLANG_WARN_DOCUMENTATION_COMMENTS = YES;
				CLANG_WARN_EMPTY_BODY = YES;
				CLANG_WARN_ENUM_CONVERSION = YES;
				CLANG_WARN_INFINITE_RECURSION = YES;
				CLANG_WARN_INT_CONVERSION = YES;
				CLANG_WARN_NON_LITERAL_NULL_CONVERSION = YES;
				CLANG_WARN_OBJC_IMPLICIT_RETAIN_SELF = YES;
				CLANG_WARN_OBJC_LITERAL_CONVERSION = YES;
				CLANG_WARN_OBJC_ROOT_CLASS = YES_ERROR;
				CLANG_WARN_RANGE_LOOP_ANALYSIS = YES;
				CLANG_WARN_STRICT_PROTOTYPES = YES;
				CLANG_WARN_SUSPICIOUS_MOVE = YES;
				CLANG_WARN_UNGUARDED_AVAILABILITY = YES_AGGRESSIVE;
				CLANG_WARN_UNREACHABLE_CODE = YES;
				CLANG_WARN__DUPLICATE_METHOD_MATCH = YES;
				CODE_SIGN_IDENTITY = "iPhone Developer";
				COPY_PHASE_STRIP = NO;
				CURRENT_PROJECT_VERSION = 1;
				DEBUG_INFORMATION_FORMAT = "dwarf-with-dsym";
				ENABLE_NS_ASSERTIONS = NO;
				ENABLE_STRICT_OBJC_MSGSEND = YES;
				GCC_C_LANGUAGE_STANDARD = gnu11;
				GCC_NO_COMMON_BLOCKS = YES;
				GCC_WARN_64_TO_32_BIT_CONVERSION = YES;
				GCC_WARN_ABOUT_RETURN_TYPE = YES_ERROR;
				GCC_WARN_UNDECLARED_SELECTOR = YES;
				GCC_WARN_UNINITIALIZED_AUTOS = YES_AGGRESSIVE;
				GCC_WARN_UNUSED_FUNCTION = YES;
				GCC_WARN_UNUSED_VARIABLE = YES;
				IPHONEOS_DEPLOYMENT_TARGET = 12.0;
				MACOSX_DEPLOYMENT_TARGET = 10.14;
				MTL_ENABLE_DEBUG_INFO = NO;
				MTL_FAST_MATH = YES;
				SDKROOT = iphoneos;
				SWIFT_COMPILATION_MODE = wholemodule;
				SWIFT_OPTIMIZATION_LEVEL = "-O";
				SWIFT_VERSION = 5.0;
				VALIDATE_PRODUCT = YES;
				VERSIONING_SYSTEM = "apple-generic";
				VERSION_INFO_PREFIX = "";
			};
			name = Release_staging;
		};
		5639A16E23C15DE700AF46C1 /* Release_staging */ = {
			isa = XCBuildConfiguration;
			buildSettings = {
				APPLICATION_EXTENSION_API_ONLY = YES;
				CLANG_ENABLE_MODULES = YES;
				CODE_SIGN_IDENTITY = "";
				CODE_SIGN_STYLE = Manual;
				DEFINES_MODULE = YES;
				DEVELOPMENT_TEAM = "";
				DYLIB_COMPATIBILITY_VERSION = 1;
				DYLIB_CURRENT_VERSION = 1;
				DYLIB_INSTALL_NAME_BASE = "@rpath";
				INFOPLIST_FILE = Configs/MobileCI.plist;
				INSTALL_PATH = "$(LOCAL_LIBRARY_DIR)/Frameworks";
				IPHONEOS_DEPLOYMENT_TARGET = 12.0;
				LD_RUNPATH_SEARCH_PATHS = (
					"$(inherited)",
					"@executable_path/Frameworks",
					"@loader_path/Frameworks",
				);
				MACOSX_DEPLOYMENT_TARGET = 10.14;
				PRODUCT_BUNDLE_IDENTIFIER = "com.kevnm67.MobileCI-iOS";
				PRODUCT_NAME = MobileCI;
				PROVISIONING_PROFILE_SPECIFIER = "";
				SKIP_INSTALL = YES;
				SWIFT_VERSION = 5.0;
				TARGETED_DEVICE_FAMILY = "1,2";
				TVOS_DEPLOYMENT_TARGET = 12.0;
				WATCHOS_DEPLOYMENT_TARGET = 5.0;
			};
			name = Release_staging;
		};
		5639A17223C15DE700AF46C1 /* Release_staging */ = {
			isa = XCBuildConfiguration;
			buildSettings = {
				ALWAYS_EMBED_SWIFT_STANDARD_LIBRARIES = YES;
				CLANG_ENABLE_MODULES = YES;
				CODE_SIGN_STYLE = Automatic;
				FRAMEWORK_SEARCH_PATHS = (
					"$(inherited)",
					"$(PROJECT_DIR)/Carthage/Build/iOS",
				);
				INFOPLIST_FILE = Configs/MobileCITests.plist;
				IPHONEOS_DEPLOYMENT_TARGET = 12.0;
				LD_RUNPATH_SEARCH_PATHS = (
					"$(inherited)",
					"@executable_path/Frameworks",
					"@loader_path/Frameworks",
				);
				MACOSX_DEPLOYMENT_TARGET = 10.14;
				PRODUCT_BUNDLE_IDENTIFIER = "com.kevnm67.MobileCI-iOSTests";
				PRODUCT_NAME = "$(TARGET_NAME)";
				SWIFT_VERSION = 5.0;
				TARGETED_DEVICE_FAMILY = "1,2";
				TVOS_DEPLOYMENT_TARGET = 12.0;
				WATCHOS_DEPLOYMENT_TARGET = 5.0;
			};
			name = Release_staging;
		};
		5639A17523C15DE700AF46C1 /* Release_staging */ = {
			isa = XCBuildConfiguration;
			buildSettings = {
				ALWAYS_EMBED_SWIFT_STANDARD_LIBRARIES = YES;
				ASSETCATALOG_COMPILER_APPICON_NAME = AppIcon;
				CODE_SIGN_STYLE = Manual;
				DEVELOPMENT_TEAM = "";
				INFOPLIST_FILE = Example/Resources/Info.plist;
				IPHONEOS_DEPLOYMENT_TARGET = 12.0;
				LD_RUNPATH_SEARCH_PATHS = (
					"$(inherited)",
					"@executable_path/Frameworks",
				);
				MACOSX_DEPLOYMENT_TARGET = 10.14;
				PRODUCT_BUNDLE_IDENTIFIER = "com.kevnm67-iOS.Example$(BUNDLE_ID_SUFFIX)";
				PRODUCT_NAME = "$(TARGET_NAME)";
				PROVISIONING_PROFILE_SPECIFIER = "";
				SWIFT_VERSION = 5.0;
				TARGETED_DEVICE_FAMILY = "1,2";
				TVOS_DEPLOYMENT_TARGET = 12.0;
				WATCHOS_DEPLOYMENT_TARGET = 5.0;
			};
			name = Release_staging;
		};
/* End XCBuildConfiguration section */

/* Begin XCConfigurationList section */
		3D9C428A22745894000A6585 /* Build configuration list for PBXProject "MobileCI" */ = {
			isa = XCConfigurationList;
			buildConfigurations = (
				3D9C429622745894000A6585 /* Debug */,
				5639A16423C15DDB00AF46C1 /* Debug_staging */,
				3D9C429722745894000A6585 /* Release */,
				5639A16D23C15DE700AF46C1 /* Release_staging */,
			);
			defaultConfigurationIsVisible = 0;
			defaultConfigurationName = Release;
		};
		3D9C429822745894000A6585 /* Build configuration list for PBXNativeTarget "MobileCI-iOS" */ = {
			isa = XCConfigurationList;
			buildConfigurations = (
				3D9C429922745894000A6585 /* Debug */,
				5639A16523C15DDB00AF46C1 /* Debug_staging */,
				3D9C429A22745894000A6585 /* Release */,
				5639A16E23C15DE700AF46C1 /* Release_staging */,
			);
			defaultConfigurationIsVisible = 0;
			defaultConfigurationName = Release;
		};
		3D9C42F92274604A000A6585 /* Build configuration list for PBXNativeTarget "MobileCI-iOSTests" */ = {
			isa = XCConfigurationList;
			buildConfigurations = (
				3D9C42FA2274604A000A6585 /* Debug */,
				5639A16923C15DDB00AF46C1 /* Debug_staging */,
				3D9C42FB2274604A000A6585 /* Release */,
				5639A17223C15DE700AF46C1 /* Release_staging */,
			);
			defaultConfigurationIsVisible = 0;
			defaultConfigurationName = Release;
		};
		3D9C43302274629C000A6585 /* Build configuration list for PBXNativeTarget "Example" */ = {
			isa = XCConfigurationList;
			buildConfigurations = (
				3D9C43312274629C000A6585 /* Debug */,
				5639A16C23C15DDB00AF46C1 /* Debug_staging */,
				3D9C43322274629C000A6585 /* Release */,
				5639A17523C15DE700AF46C1 /* Release_staging */,
			);
			defaultConfigurationIsVisible = 0;
			defaultConfigurationName = Release;
		};
/* End XCConfigurationList section */

/* Begin XCRemoteSwiftPackageReference section */
		FF1A388C25FECB730035FF48 /* XCRemoteSwiftPackageReference "Nimble" */ = {
			isa = XCRemoteSwiftPackageReference;
			repositoryURL = "https://github.com/Quick/Nimble.git";
			requirement = {
				kind = upToNextMajorVersion;
				minimumVersion = 9.0.0;
			};
		};
		FF1A389025FECB890035FF48 /* XCRemoteSwiftPackageReference "Quick" */ = {
			isa = XCRemoteSwiftPackageReference;
			repositoryURL = "https://github.com/Quick/Quick.git";
			requirement = {
				kind = upToNextMajorVersion;
				minimumVersion = 3.1.2;
			};
		};
/* End XCRemoteSwiftPackageReference section */

/* Begin XCSwiftPackageProductDependency section */
		5690ED6523C2B2DB00B917C8 /* AppEnvironment */ = {
			isa = XCSwiftPackageProductDependency;
			productName = AppEnvironment;
		};
		FF1A388D25FECB730035FF48 /* Nimble */ = {
			isa = XCSwiftPackageProductDependency;
			package = FF1A388C25FECB730035FF48 /* XCRemoteSwiftPackageReference "Nimble" */;
			productName = Nimble;
		};
		FF1A389125FECB890035FF48 /* Quick */ = {
			isa = XCSwiftPackageProductDependency;
			package = FF1A389025FECB890035FF48 /* XCRemoteSwiftPackageReference "Quick" */;
			productName = Quick;
		};
/* End XCSwiftPackageProductDependency section */
	};
	rootObject = 3D9C428722745894000A6585 /* Project object */;
}
